
Microsoft Visual Studio Solution File, Format Version 10.00
# Visual Studio 2008
Project("{FAE04EC0-301F-11D3-BF4B-00C04F79EFBC}") = "CommLib", "CommLib\CommLib.csproj", "{5F5607A9-7AF1-4B6F-9969-F934AE83B780}"
EndProject
Project("{FAE04EC0-301F-11D3-BF4B-00C04F79EFBC}") = "CommLibTester", "CommLibTester\CommLibTester.csproj", "{8D7F9435-6C2B-4AC6-8F20-76D799F97850}"
EndProject
Global
	GlobalSection(SolutionConfigurationPlatforms) = preSolution
		Debug|Any CPU = Debug|Any CPU
		Release|Any CPU = Release|Any CPU
	EndGlobalSection
	GlobalSection(ProjectConfigurationPlatforms) = postSolution
		{5F5607A9-7AF1-4B6F-9969-F934AE83B780}.Debug|Any CPU.ActiveCfg = Debug|Any CPU
		{5F5607A9-7AF1-4B6F-9969-F934AE83B780}.Debug|Any CPU.Build.0 = Debug|Any CPU
		{5F5607A9-7AF1-4B6F-9969-F934AE83B780}.Release|Any CPU.ActiveCfg = Release|Any CPU
		{5F5607A9-7AF1-4B6F-9969-F934AE83B780}.Release|Any CPU.Build.0 = Release|Any CPU
		{8D7F9435-6C2B-4AC6-8F20-76D799F97850}.Debug|Any CPU.ActiveCfg = Debug|Any CPU
		{8D7F9435-6C2B-4AC6-8F20-76D799F97850}.Debug|Any CPU.Build.0 = Debug|Any CPU
		{8D7F9435-6C2B-4AC6-8F20-76D799F97850}.Release|Any CPU.ActiveCfg = Release|Any CPU
		{8D7F9435-6C2B-4AC6-8F20-76D799F97850}.Release|Any CPU.Build.0 = Release|Any CPU
	EndGlobalSection
	GlobalSection(SolutionProperties) = preSolution
		HideSolutionNode = FALSE
	EndGlobalSection
EndGlobal
